// !$*UTF8*$!
{
	archiveVersion = 1;
	classes = {
	};
	objectVersion = 50;
	objects = {

/* Begin PBXBuildFile section */
		F278FAEA216C00E800520080 /* AppDelegate.swift in Sources */ = {isa = PBXBuildFile; fileRef = F278FAE9216C00E800520080 /* AppDelegate.swift */; };
		F278FAEC216C00E800520080 /* NoticeViewController.swift in Sources */ = {isa = PBXBuildFile; fileRef = F278FAEB216C00E800520080 /* NoticeViewController.swift */; };
		F278FAEF216C00E800520080 /* Main.storyboard in Resources */ = {isa = PBXBuildFile; fileRef = F278FAED216C00E800520080 /* Main.storyboard */; };
		F278FAF1216C00EB00520080 /* Assets.xcassets in Resources */ = {isa = PBXBuildFile; fileRef = F278FAF0216C00EB00520080 /* Assets.xcassets */; };
		F278FAF4216C00EB00520080 /* LaunchScreen.storyboard in Resources */ = {isa = PBXBuildFile; fileRef = F278FAF2216C00EB00520080 /* LaunchScreen.storyboard */; };
		F278FAFF216C00EB00520080 /* ViperExampleTests.swift in Sources */ = {isa = PBXBuildFile; fileRef = F278FAFE216C00EB00520080 /* ViperExampleTests.swift */; };
		F278FB0A216C00EB00520080 /* ViperExampleUITests.swift in Sources */ = {isa = PBXBuildFile; fileRef = F278FB09216C00EB00520080 /* ViperExampleUITests.swift */; };
		F2B54509216D72B800C90C25 /* NoticeRouter.swift in Sources */ = {isa = PBXBuildFile; fileRef = F2B54508216D72B800C90C25 /* NoticeRouter.swift */; };
		F2B5450C216D735000C90C25 /* NoticeProtocols.swift in Sources */ = {isa = PBXBuildFile; fileRef = F2B5450B216D735000C90C25 /* NoticeProtocols.swift */; };
		F2B5450E216D75CF00C90C25 /* NoticeModel.swift in Sources */ = {isa = PBXBuildFile; fileRef = F2B5450D216D75CF00C90C25 /* NoticeModel.swift */; };
/* End PBXBuildFile section */

/* Begin PBXContainerItemProxy section */
		F278FAFB216C00EB00520080 /* PBXContainerItemProxy */ = {
			isa = PBXContainerItemProxy;
			containerPortal = F278FADE216C00E800520080 /* Project object */;
			proxyType = 1;
			remoteGlobalIDString = F278FAE5216C00E800520080;
			remoteInfo = ViperExample;
		};
		F278FB06216C00EB00520080 /* PBXContainerItemProxy */ = {
			isa = PBXContainerItemProxy;
			containerPortal = F278FADE216C00E800520080 /* Project object */;
			proxyType = 1;
			remoteGlobalIDString = F278FAE5216C00E800520080;
			remoteInfo = ViperExample;
		};
/* End PBXContainerItemProxy section */

/* Begin PBXFileReference section */
		F278FAE6216C00E800520080 /* ViperExample.app */ = {isa = PBXFileReference; explicitFileType = wrapper.application; includeInIndex = 0; path = ViperExample.app; sourceTree = BUILT_PRODUCTS_DIR; };
		F278FAE9216C00E800520080 /* AppDelegate.swift */ = {isa = PBXFileReference; lastKnownFileType = sourcecode.swift; path = AppDelegate.swift; sourceTree = "<group>"; };
		F278FAEB216C00E800520080 /* NoticeViewController.swift */ = {isa = PBXFileReference; lastKnownFileType = sourcecode.swift; path = NoticeViewController.swift; sourceTree = "<group>"; };
		F278FAEE216C00E800520080 /* Base */ = {isa = PBXFileReference; lastKnownFileType = file.storyboard; name = Base; path = Base.lproj/Main.storyboard; sourceTree = "<group>"; };
		F278FAF0216C00EB00520080 /* Assets.xcassets */ = {isa = PBXFileReference; lastKnownFileType = folder.assetcatalog; path = Assets.xcassets; sourceTree = "<group>"; };
		F278FAF3216C00EB00520080 /* Base */ = {isa = PBXFileReference; lastKnownFileType = file.storyboard; name = Base; path = Base.lproj/LaunchScreen.storyboard; sourceTree = "<group>"; };
		F278FAF5216C00EB00520080 /* Info.plist */ = {isa = PBXFileReference; lastKnownFileType = text.plist.xml; path = Info.plist; sourceTree = "<group>"; };
		F278FAFA216C00EB00520080 /* ViperExampleTests.xctest */ = {isa = PBXFileReference; explicitFileType = wrapper.cfbundle; includeInIndex = 0; path = ViperExampleTests.xctest; sourceTree = BUILT_PRODUCTS_DIR; };
		F278FAFE216C00EB00520080 /* ViperExampleTests.swift */ = {isa = PBXFileReference; lastKnownFileType = sourcecode.swift; path = ViperExampleTests.swift; sourceTree = "<group>"; };
		F278FB00216C00EB00520080 /* Info.plist */ = {isa = PBXFileReference; lastKnownFileType = text.plist.xml; path = Info.plist; sourceTree = "<group>"; };
		F278FB05216C00EB00520080 /* ViperExampleUITests.xctest */ = {isa = PBXFileReference; explicitFileType = wrapper.cfbundle; includeInIndex = 0; path = ViperExampleUITests.xctest; sourceTree = BUILT_PRODUCTS_DIR; };
		F278FB09216C00EB00520080 /* ViperExampleUITests.swift */ = {isa = PBXFileReference; lastKnownFileType = sourcecode.swift; path = ViperExampleUITests.swift; sourceTree = "<group>"; };
		F278FB0B216C00EB00520080 /* Info.plist */ = {isa = PBXFileReference; lastKnownFileType = text.plist.xml; path = Info.plist; sourceTree = "<group>"; };
		F2B54508216D72B800C90C25 /* NoticeRouter.swift */ = {isa = PBXFileReference; lastKnownFileType = sourcecode.swift; path = NoticeRouter.swift; sourceTree = "<group>"; };
		F2B5450B216D735000C90C25 /* NoticeProtocols.swift */ = {isa = PBXFileReference; lastKnownFileType = sourcecode.swift; path = NoticeProtocols.swift; sourceTree = "<group>"; };
		F2B5450D216D75CF00C90C25 /* NoticeModel.swift */ = {isa = PBXFileReference; lastKnownFileType = sourcecode.swift; path = NoticeModel.swift; sourceTree = "<group>"; };
/* End PBXFileReference section */

/* Begin PBXFrameworksBuildPhase section */
		F278FAE3216C00E800520080 /* Frameworks */ = {
			isa = PBXFrameworksBuildPhase;
			buildActionMask = 2147483647;
			files = (
			);
			runOnlyForDeploymentPostprocessing = 0;
		};
		F278FAF7216C00EB00520080 /* Frameworks */ = {
			isa = PBXFrameworksBuildPhase;
			buildActionMask = 2147483647;
			files = (
			);
			runOnlyForDeploymentPostprocessing = 0;
		};
		F278FB02216C00EB00520080 /* Frameworks */ = {
			isa = PBXFrameworksBuildPhase;
			buildActionMask = 2147483647;
			files = (
			);
			runOnlyForDeploymentPostprocessing = 0;
		};
/* End PBXFrameworksBuildPhase section */

/* Begin PBXGroup section */
		F278FADD216C00E800520080 = {
			isa = PBXGroup;
			children = (
				F278FAE8216C00E800520080 /* ViperExample */,
				F278FAFD216C00EB00520080 /* ViperExampleTests */,
				F278FB08216C00EB00520080 /* ViperExampleUITests */,
				F278FAE7216C00E800520080 /* Products */,
			);
			sourceTree = "<group>";
		};
		F278FAE7216C00E800520080 /* Products */ = {
			isa = PBXGroup;
			children = (
				F278FAE6216C00E800520080 /* ViperExample.app */,
				F278FAFA216C00EB00520080 /* ViperExampleTests.xctest */,
				F278FB05216C00EB00520080 /* ViperExampleUITests.xctest */,
			);
			name = Products;
			sourceTree = "<group>";
		};
		F278FAE8216C00E800520080 /* ViperExample */ = {
			isa = PBXGroup;
			children = (
				F278FAE9216C00E800520080 /* AppDelegate.swift */,
				F2FDD494216D68520084E2C7 /* Presenter */,
				F2FDD493216D68460084E2C7 /* Interactor */,
				F2FDD496216D6D210084E2C7 /* notice-modules */,
				F278FAF0216C00EB00520080 /* Assets.xcassets */,
				F278FAF2216C00EB00520080 /* LaunchScreen.storyboard */,
				F278FAED216C00E800520080 /* Main.storyboard */,
				F278FAF5216C00EB00520080 /* Info.plist */,
			);
			path = ViperExample;
			sourceTree = "<group>";
		};
		F278FAFD216C00EB00520080 /* ViperExampleTests */ = {
			isa = PBXGroup;
			children = (
				F278FAFE216C00EB00520080 /* ViperExampleTests.swift */,
				F278FB00216C00EB00520080 /* Info.plist */,
			);
			path = ViperExampleTests;
			sourceTree = "<group>";
		};
		F278FB08216C00EB00520080 /* ViperExampleUITests */ = {
			isa = PBXGroup;
			children = (
				F278FB09216C00EB00520080 /* ViperExampleUITests.swift */,
				F278FB0B216C00EB00520080 /* Info.plist */,
			);
			path = ViperExampleUITests;
			sourceTree = "<group>";
		};
		F2B5450A216D731400C90C25 /* Protocols */ = {
			isa = PBXGroup;
			children = (
				F2B5450B216D735000C90C25 /* NoticeProtocols.swift */,
			);
			path = Protocols;
			sourceTree = "<group>";
		};
		F2FDD491216D68180084E2C7 /* Router */ = {
			isa = PBXGroup;
			children = (
				F2B54508216D72B800C90C25 /* NoticeRouter.swift */,
			);
			path = Router;
			sourceTree = "<group>";
		};
		F2FDD492216D68320084E2C7 /* Entity */ = {
			isa = PBXGroup;
			children = (
				F2B5450D216D75CF00C90C25 /* NoticeModel.swift */,
			);
			path = Entity;
			sourceTree = "<group>";
		};
		F2FDD493216D68460084E2C7 /* Interactor */ = {
			isa = PBXGroup;
			children = (
			);
			path = Interactor;
			sourceTree = "<group>";
		};
		F2FDD494216D68520084E2C7 /* Presenter */ = {
			isa = PBXGroup;
			children = (
			);
			path = Presenter;
			sourceTree = "<group>";
		};
		F2FDD495216D68640084E2C7 /* View */ = {
			isa = PBXGroup;
			children = (
				F278FAEB216C00E800520080 /* NoticeViewController.swift */,
			);
			path = View;
			sourceTree = "<group>";
		};
		F2FDD496216D6D210084E2C7 /* notice-modules */ = {
			isa = PBXGroup;
			children = (
				F2FDD492216D68320084E2C7 /* Entity */,
				F2B5450A216D731400C90C25 /* Protocols */,
				F2FDD495216D68640084E2C7 /* View */,
				F2FDD491216D68180084E2C7 /* Router */,
			);
			name = "notice-modules";
			path = "New Group";
			sourceTree = "<group>";
		};
/* End PBXGroup section */

/* Begin PBXNativeTarget section */
		F278FAE5216C00E800520080 /* ViperExample */ = {
			isa = PBXNativeTarget;
			buildConfigurationList = F278FB0E216C00EB00520080 /* Build configuration list for PBXNativeTarget "ViperExample" */;
			buildPhases = (
				F278FAE2216C00E800520080 /* Sources */,
				F278FAE3216C00E800520080 /* Frameworks */,
				F278FAE4216C00E800520080 /* Resources */,
			);
			buildRules = (
			);
			dependencies = (
			);
			name = ViperExample;
			productName = ViperExample;
			productReference = F278FAE6216C00E800520080 /* ViperExample.app */;
			productType = "com.apple.product-type.application";
		};
		F278FAF9216C00EB00520080 /* ViperExampleTests */ = {
			isa = PBXNativeTarget;
			buildConfigurationList = F278FB11216C00EB00520080 /* Build configuration list for PBXNativeTarget "ViperExampleTests" */;
			buildPhases = (
				F278FAF6216C00EB00520080 /* Sources */,
				F278FAF7216C00EB00520080 /* Frameworks */,
				F278FAF8216C00EB00520080 /* Resources */,
			);
			buildRules = (
			);
			dependencies = (
				F278FAFC216C00EB00520080 /* PBXTargetDependency */,
			);
			name = ViperExampleTests;
			productName = ViperExampleTests;
			productReference = F278FAFA216C00EB00520080 /* ViperExampleTests.xctest */;
			productType = "com.apple.product-type.bundle.unit-test";
		};
		F278FB04216C00EB00520080 /* ViperExampleUITests */ = {
			isa = PBXNativeTarget;
			buildConfigurationList = F278FB14216C00EB00520080 /* Build configuration list for PBXNativeTarget "ViperExampleUITests" */;
			buildPhases = (
				F278FB01216C00EB00520080 /* Sources */,
				F278FB02216C00EB00520080 /* Frameworks */,
				F278FB03216C00EB00520080 /* Resources */,
			);
			buildRules = (
			);
			dependencies = (
				F278FB07216C00EB00520080 /* PBXTargetDependency */,
			);
			name = ViperExampleUITests;
			productName = ViperExampleUITests;
			productReference = F278FB05216C00EB00520080 /* ViperExampleUITests.xctest */;
			productType = "com.apple.product-type.bundle.ui-testing";
		};
/* End PBXNativeTarget section */

/* Begin PBXProject section */
		F278FADE216C00E800520080 /* Project object */ = {
			isa = PBXProject;
			attributes = {
				LastSwiftUpdateCheck = 0940;
				LastUpgradeCheck = 0940;
				ORGANIZATIONNAME = "Miguel Mexicano Herrera";
				TargetAttributes = {
					F278FAE5216C00E800520080 = {
						CreatedOnToolsVersion = 9.4.1;
					};
					F278FAF9216C00EB00520080 = {
						CreatedOnToolsVersion = 9.4.1;
						TestTargetID = F278FAE5216C00E800520080;
					};
					F278FB04216C00EB00520080 = {
						CreatedOnToolsVersion = 9.4.1;
						TestTargetID = F278FAE5216C00E800520080;
					};
				};
			};
			buildConfigurationList = F278FAE1216C00E800520080 /* Build configuration list for PBXProject "ViperExample" */;
			compatibilityVersion = "Xcode 9.3";
			developmentRegion = en;
			hasScannedForEncodings = 0;
			knownRegions = (
				en,
				Base,
			);
			mainGroup = F278FADD216C00E800520080;
			productRefGroup = F278FAE7216C00E800520080 /* Products */;
			projectDirPath = "";
			projectRoot = "";
			targets = (
				F278FAE5216C00E800520080 /* ViperExample */,
				F278FAF9216C00EB00520080 /* ViperExampleTests */,
				F278FB04216C00EB00520080 /* ViperExampleUITests */,
			);
		};
/* End PBXProject section */

/* Begin PBXResourcesBuildPhase section */
		F278FAE4216C00E800520080 /* Resources */ = {
			isa = PBXResourcesBuildPhase;
			buildActionMask = 2147483647;
			files = (
				F278FAF4216C00EB00520080 /* LaunchScreen.storyboard in Resources */,
				F278FAF1216C00EB00520080 /* Assets.xcassets in Resources */,
				F278FAEF216C00E800520080 /* Main.storyboard in Resources */,
			);
			runOnlyForDeploymentPostprocessing = 0;
		};
		F278FAF8216C00EB00520080 /* Resources */ = {
			isa = PBXResourcesBuildPhase;
			buildActionMask = 2147483647;
			files = (
			);
			runOnlyForDeploymentPostprocessing = 0;
		};
		F278FB03216C00EB00520080 /* Resources */ = {
			isa = PBXResourcesBuildPhase;
			buildActionMask = 2147483647;
			files = (
			);
			runOnlyForDeploymentPostprocessing = 0;
		};
/* End PBXResourcesBuildPhase section */

/* Begin PBXSourcesBuildPhase section */
		F278FAE2216C00E800520080 /* Sources */ = {
			isa = PBXSourcesBuildPhase;
			buildActionMask = 2147483647;
			files = (
				F2B5450E216D75CF00C90C25 /* NoticeModel.swift in Sources */,
				F278FAEC216C00E800520080 /* NoticeViewController.swift in Sources */,
				F278FAEA216C00E800520080 /* AppDelegate.swift in Sources */,
				F2B54509216D72B800C90C25 /* NoticeRouter.swift in Sources */,
				F2B5450C216D735000C90C25 /* NoticeProtocols.swift in Sources */,
			);
			runOnlyForDeploymentPostprocessing = 0;
		};
		F278FAF6216C00EB00520080 /* Sources */ = {
			isa = PBXSourcesBuildPhase;
			buildActionMask = 2147483647;
			files = (
				F278FAFF216C00EB00520080 /* ViperExampleTests.swift in Sources */,
			);
			runOnlyForDeploymentPostprocessing = 0;
		};
		F278FB01216C00EB00520080 /* Sources */ = {
			isa = PBXSourcesBuildPhase;
			buildActionMask = 2147483647;
			files = (
				F278FB0A216C00EB00520080 /* ViperExampleUITests.swift in Sources */,
			);
			runOnlyForDeploymentPostprocessing = 0;
		};
/* End PBXSourcesBuildPhase section */

/* Begin PBXTargetDependency section */
		F278FAFC216C00EB00520080 /* PBXTargetDependency */ = {
			isa = PBXTargetDependency;
			target = F278FAE5216C00E800520080 /* ViperExample */;
			targetProxy = F278FAFB216C00EB00520080 /* PBXContainerItemProxy */;
		};
		F278FB07216C00EB00520080 /* PBXTargetDependency */ = {
			isa = PBXTargetDependency;
			target = F278FAE5216C00E800520080 /* ViperExample */;
			targetProxy = F278FB06216C00EB00520080 /* PBXContainerItemProxy */;
		};
/* End PBXTargetDependency section */

/* Begin PBXVariantGroup section */
		F278FAED216C00E800520080 /* Main.storyboard */ = {
			isa = PBXVariantGroup;
			children = (
				F278FAEE216C00E800520080 /* Base */,
			);
			name = Main.storyboard;
			sourceTree = "<group>";
		};
		F278FAF2216C00EB00520080 /* LaunchScreen.storyboard */ = {
			isa = PBXVariantGroup;
			children = (
				F278FAF3216C00EB00520080 /* Base */,
			);
			name = LaunchScreen.storyboard;
			sourceTree = "<group>";
		};
/* End PBXVariantGroup section */

/* Begin XCBuildConfiguration section */
		F278FB0C216C00EB00520080 /* Debug */ = {
			isa = XCBuildConfiguration;
			buildSettings = {
				ALWAYS_SEARCH_USER_PATHS = NO;
				CLANG_ANALYZER_NONNULL = YES;
				CLANG_ANALYZER_NUMBER_OBJECT_CONVERSION = YES_AGGRESSIVE;
				CLANG_CXX_LANGUAGE_STANDARD = "gnu++14";
				CLANG_CXX_LIBRARY = "libc++";
				CLANG_ENABLE_MODULES = YES;
				CLANG_ENABLE_OBJC_ARC = YES;
				CLANG_ENABLE_OBJC_WEAK = YES;
				CLANG_WARN_BLOCK_CAPTURE_AUTORELEASING = YES;
				CLANG_WARN_BOOL_CONVERSION = YES;
				CLANG_WARN_COMMA = YES;
				CLANG_WARN_CONSTANT_CONVERSION = YES;
				CLANG_WARN_DEPRECATED_OBJC_IMPLEMENTATIONS = YES;
				CLANG_WARN_DIRECT_OBJC_ISA_USAGE = YES_ERROR;
				CLANG_WARN_DOCUMENTATION_COMMENTS = YES;
				CLANG_WARN_EMPTY_BODY = YES;
				CLANG_WARN_ENUM_CONVERSION = YES;
				CLANG_WARN_INFINITE_RECURSION = YES;
				CLANG_WARN_INT_CONVERSION = YES;
				CLANG_WARN_NON_LITERAL_NULL_CONVERSION = YES;
				CLANG_WARN_OBJC_IMPLICIT_RETAIN_SELF = YES;
				CLANG_WARN_OBJC_LITERAL_CONVERSION = YES;
				CLANG_WARN_OBJC_ROOT_CLASS = YES_ERROR;
				CLANG_WARN_RANGE_LOOP_ANALYSIS = YES;
				CLANG_WARN_STRICT_PROTOTYPES = YES;
				CLANG_WARN_SUSPICIOUS_MOVE = YES;
				CLANG_WARN_UNGUARDED_AVAILABILITY = YES_AGGRESSIVE;
				CLANG_WARN_UNREACHABLE_CODE = YES;
				CLANG_WARN__DUPLICATE_METHOD_MATCH = YES;
				CODE_SIGN_IDENTITY = "iPhone Developer";
				COPY_PHASE_STRIP = NO;
				DEBUG_INFORMATION_FORMAT = dwarf;
				ENABLE_STRICT_OBJC_MSGSEND = YES;
				ENABLE_TESTABILITY = YES;
				GCC_C_LANGUAGE_STANDARD = gnu11;
				GCC_DYNAMIC_NO_PIC = NO;
				GCC_NO_COMMON_BLOCKS = YES;
				GCC_OPTIMIZATION_LEVEL = 0;
				GCC_PREPROCESSOR_DEFINITIONS = (
					"DEBUG=1",
					"$(inherited)",
				);
				GCC_WARN_64_TO_32_BIT_CONVERSION = YES;
				GCC_WARN_ABOUT_RETURN_TYPE = YES_ERROR;
				GCC_WARN_UNDECLARED_SELECTOR = YES;
				GCC_WARN_UNINITIALIZED_AUTOS = YES_AGGRESSIVE;
				GCC_WARN_UNUSED_FUNCTION = YES;
				GCC_WARN_UNUSED_VARIABLE = YES;
				IPHONEOS_DEPLOYMENT_TARGET = 11.4;
				MTL_ENABLE_DEBUG_INFO = YES;
				ONLY_ACTIVE_ARCH = YES;
				SDKROOT = iphoneos;
				SWIFT_ACTIVE_COMPILATION_CONDITIONS = DEBUG;
				SWIFT_OPTIMIZATION_LEVEL = "-Onone";
			};
			name = Debug;
		};
		F278FB0D216C00EB00520080 /* Release */ = {
			isa = XCBuildConfiguration;
			buildSettings = {
				ALWAYS_SEARCH_USER_PATHS = NO;
				CLANG_ANALYZER_NONNULL = YES;
				CLANG_ANALYZER_NUMBER_OBJECT_CONVERSION = YES_AGGRESSIVE;
				CLANG_CXX_LANGUAGE_STANDARD = "gnu++14";
				CLANG_CXX_LIBRARY = "libc++";
				CLANG_ENABLE_MODULES = YES;
				CLANG_ENABLE_OBJC_ARC = YES;
				CLANG_ENABLE_OBJC_WEAK = YES;
				CLANG_WARN_BLOCK_CAPTURE_AUTORELEASING = YES;
				CLANG_WARN_BOOL_CONVERSION = YES;
				CLANG_WARN_COMMA = YES;
				CLANG_WARN_CONSTANT_CONVERSION = YES;
				CLANG_WARN_DEPRECATED_OBJC_IMPLEMENTATIONS = YES;
				CLANG_WARN_DIRECT_OBJC_ISA_USAGE = YES_ERROR;
				CLANG_WARN_DOCUMENTATION_COMMENTS = YES;
				CLANG_WARN_EMPTY_BODY = YES;
				CLANG_WARN_ENUM_CONVERSION = YES;
				CLANG_WARN_INFINITE_RECURSION = YES;
				CLANG_WARN_INT_CONVERSION = YES;
				CLANG_WARN_NON_LITERAL_NULL_CONVERSION = YES;
				CLANG_WARN_OBJC_IMPLICIT_RETAIN_SELF = YES;
				CLANG_WARN_OBJC_LITERAL_CONVERSION = YES;
				CLANG_WARN_OBJC_ROOT_CLASS = YES_ERROR;
				CLANG_WARN_RANGE_LOOP_ANALYSIS = YES;
				CLANG_WARN_STRICT_PROTOTYPES = YES;
				CLANG_WARN_SUSPICIOUS_MOVE = YES;
				CLANG_WARN_UNGUARDED_AVAILABILITY = YES_AGGRESSIVE;
				CLANG_WARN_UNREACHABLE_CODE = YES;
				CLANG_WARN__DUPLICATE_METHOD_MATCH = YES;
				CODE_SIGN_IDENTITY = "iPhone Developer";
				COPY_PHASE_STRIP = NO;
				DEBUG_INFORMATION_FORMAT = "dwarf-with-dsym";
				ENABLE_NS_ASSERTIONS = NO;
				ENABLE_STRICT_OBJC_MSGSEND = YES;
				GCC_C_LANGUAGE_STANDARD = gnu11;
				GCC_NO_COMMON_BLOCKS = YES;
				GCC_WARN_64_TO_32_BIT_CONVERSION = YES;
				GCC_WARN_ABOUT_RETURN_TYPE = YES_ERROR;
				GCC_WARN_UNDECLARED_SELECTOR = YES;
				GCC_WARN_UNINITIALIZED_AUTOS = YES_AGGRESSIVE;
				GCC_WARN_UNUSED_FUNCTION = YES;
				GCC_WARN_UNUSED_VARIABLE = YES;
				IPHONEOS_DEPLOYMENT_TARGET = 11.4;
				MTL_ENABLE_DEBUG_INFO = NO;
				SDKROOT = iphoneos;
				SWIFT_COMPILATION_MODE = wholemodule;
				SWIFT_OPTIMIZATION_LEVEL = "-O";
				VALIDATE_PRODUCT = YES;
			};
			name = Release;
		};
		F278FB0F216C00EB00520080 /* Debug */ = {
			isa = XCBuildConfiguration;
			buildSettings = {
				ASSETCATALOG_COMPILER_APPICON_NAME = AppIcon;
				CODE_SIGN_STYLE = Automatic;
				DEVELOPMENT_TEAM = MC2W678MVZ;
				INFOPLIST_FILE = ViperExample/Info.plist;
				LD_RUNPATH_SEARCH_PATHS = (
					"$(inherited)",
					"@executable_path/Frameworks",
				);
				PRODUCT_BUNDLE_IDENTIFIER = com.example.ViperExample;
				PRODUCT_NAME = "$(TARGET_NAME)";
				SWIFT_VERSION = 4.0;
				TARGETED_DEVICE_FAMILY = "1,2";
			};
			name = Debug;
		};
		F278FB10216C00EB00520080 /* Release */ = {
			isa = XCBuildConfiguration;
			buildSettings = {
				ASSETCATALOG_COMPILER_APPICON_NAME = AppIcon;
				CODE_SIGN_STYLE = Automatic;
				DEVELOPMENT_TEAM = MC2W678MVZ;
				INFOPLIST_FILE = ViperExample/Info.plist;
				LD_RUNPATH_SEARCH_PATHS = (
					"$(inherited)",
					"@executable_path/Frameworks",
				);
				PRODUCT_BUNDLE_IDENTIFIER = com.example.ViperExample;
				PRODUCT_NAME = "$(TARGET_NAME)";
				SWIFT_VERSION = 4.0;
				TARGETED_DEVICE_FAMILY = "1,2";
			};
			name = Release;
		};
		F278FB12216C00EB00520080 /* Debug */ = {
			isa = XCBuildConfiguration;
			buildSettings = {
				ALWAYS_EMBED_SWIFT_STANDARD_LIBRARIES = YES;
				BUNDLE_LOADER = "$(TEST_HOST)";
				CODE_SIGN_STYLE = Automatic;
				DEVELOPMENT_TEAM = MC2W678MVZ;
				INFOPLIST_FILE = ViperExampleTests/Info.plist;
				LD_RUNPATH_SEARCH_PATHS = (
					"$(inherited)",
					"@executable_path/Frameworks",
					"@loader_path/Frameworks",
				);
				PRODUCT_BUNDLE_IDENTIFIER = com.example.ViperExampleTests;
				PRODUCT_NAME = "$(TARGET_NAME)";
				SWIFT_VERSION = 4.0;
				TARGETED_DEVICE_FAMILY = "1,2";
				TEST_HOST = "$(BUILT_PRODUCTS_DIR)/ViperExample.app/ViperExample";
			};
			name = Debug;
		};
		F278FB13216C00EB00520080 /* Release */ = {
			isa = XCBuildConfiguration;
			buildSettings = {
				ALWAYS_EMBED_SWIFT_STANDARD_LIBRARIES = YES;
				BUNDLE_LOADER = "$(TEST_HOST)";
				CODE_SIGN_STYLE = Automatic;
				DEVELOPMENT_TEAM = MC2W678MVZ;
				INFOPLIST_FILE = ViperExampleTests/Info.plist;
				LD_RUNPATH_SEARCH_PATHS = (
					"$(inherited)",
					"@executable_path/Frameworks",
					"@loader_path/Frameworks",
				);
				PRODUCT_BUNDLE_IDENTIFIER = com.example.ViperExampleTests;
				PRODUCT_NAME = "$(TARGET_NAME)";
				SWIFT_VERSION = 4.0;
				TARGETED_DEVICE_FAMILY = "1,2";
				TEST_HOST = "$(BUILT_PRODUCTS_DIR)/ViperExample.app/ViperExample";
			};
			name = Release;
		};
		F278FB15216C00EB00520080 /* Debug */ = {
			isa = XCBuildConfiguration;
			buildSettings = {
				ALWAYS_EMBED_SWIFT_STANDARD_LIBRARIES = YES;
				CODE_SIGN_STYLE = Automatic;
				DEVELOPMENT_TEAM = MC2W678MVZ;
				INFOPLIST_FILE = ViperExampleUITests/Info.plist;
				LD_RUNPATH_SEARCH_PATHS = (
					"$(inherited)",
					"@executable_path/Frameworks",
					"@loader_path/Frameworks",
				);
				PRODUCT_BUNDLE_IDENTIFIER = com.example.ViperExampleUITests;
				PRODUCT_NAME = "$(TARGET_NAME)";
				SWIFT_VERSION = 4.0;
				TARGETED_DEVICE_FAMILY = "1,2";
				TEST_TARGET_NAME = ViperExample;
			};
			name = Debug;
		};
		F278FB16216C00EB00520080 /* Release */ = {
			isa = XCBuildConfiguration;
			buildSettings = {
				ALWAYS_EMBED_SWIFT_STANDARD_LIBRARIES = YES;
				CODE_SIGN_STYLE = Automatic;
				DEVELOPMENT_TEAM = MC2W678MVZ;
				INFOPLIST_FILE = ViperExampleUITests/Info.plist;
				LD_RUNPATH_SEARCH_PATHS = (
					"$(inherited)",
					"@executable_path/Frameworks",
					"@loader_path/Frameworks",
				);
				PRODUCT_BUNDLE_IDENTIFIER = com.example.ViperExampleUITests;
				PRODUCT_NAME = "$(TARGET_NAME)";
				SWIFT_VERSION = 4.0;
				TARGETED_DEVICE_FAMILY = "1,2";
				TEST_TARGET_NAME = ViperExample;
			};
			name = Release;
		};
/* End XCBuildConfiguration section */

/* Begin XCConfigurationList section */
		F278FAE1216C00E800520080 /* Build configuration list for PBXProject "ViperExample" */ = {
			isa = XCConfigurationList;
			buildConfigurations = (
				F278FB0C216C00EB00520080 /* Debug */,
				F278FB0D216C00EB00520080 /* Release */,
			);
			defaultConfigurationIsVisible = 0;
			defaultConfigurationName = Release;
		};
		F278FB0E216C00EB00520080 /* Build configuration list for PBXNativeTarget "ViperExample" */ = {
			isa = XCConfigurationList;
			buildConfigurations = (
				F278FB0F216C00EB00520080 /* Debug */,
				F278FB10216C00EB00520080 /* Release */,
			);
			defaultConfigurationIsVisible = 0;
			defaultConfigurationName = Release;
		};
		F278FB11216C00EB00520080 /* Build configuration list for PBXNativeTarget "ViperExampleTests" */ = {
			isa = XCConfigurationList;
			buildConfigurations = (
				F278FB12216C00EB00520080 /* Debug */,
				F278FB13216C00EB00520080 /* Release */,
			);
			defaultConfigurationIsVisible = 0;
			defaultConfigurationName = Release;
		};
		F278FB14216C00EB00520080 /* Build configuration list for PBXNativeTarget "ViperExampleUITests" */ = {
			isa = XCConfigurationList;
			buildConfigurations = (
				F278FB15216C00EB00520080 /* Debug */,
				F278FB16216C00EB00520080 /* Release */,
			);
			defaultConfigurationIsVisible = 0;
			defaultConfigurationName = Release;
		};
/* End XCConfigurationList section */
	};
	rootObject = F278FADE216C00E800520080 /* Project object */;
}
